# THIS IS AN AUTOGENERATED FILE. DO NOT EDIT THIS FILE DIRECTLY.
# yarn lockfile v1


abbrev@1:
  version "1.1.1"
  resolved "https://registry.yarnpkg.com/abbrev/-/abbrev-1.1.1.tgz#f8f2c887ad10bf67f634f005b6987fed3179aac8"

accepts@~1.0.5:
  version "1.0.7"
  resolved "https://registry.yarnpkg.com/accepts/-/accepts-1.0.7.tgz#5b501fb4f0704309964ccdb048172541208dab1a"
  dependencies:
    mime-types "~1.0.0"
    negotiator "0.4.7"

any-promise@^1.0.0:
  version "1.3.0"
  resolved "https://registry.yarnpkg.com/any-promise/-/any-promise-1.3.0.tgz#abc6afeedcea52e809cdc0376aed3ce39635d17f"

async@0.9.0:
  version "0.9.0"
  resolved "https://registry.yarnpkg.com/async/-/async-0.9.0.tgz#ac3613b1da9bed1b47510bb4651b8931e47146c7"

async@~0.9.0:
  version "0.9.2"
  resolved "https://registry.yarnpkg.com/async/-/async-0.9.2.tgz#aea74d5e61c1f899613bf64bda66d4c78f2fd17d"

base64-url@1:
  version "1.3.3"
  resolved "https://registry.yarnpkg.com/base64-url/-/base64-url-1.3.3.tgz#f8b6c537f09a4fc58c99cb86e0b0e9c61461a20f"

base64-url@1.2.1:
  version "1.2.1"
  resolved "https://registry.yarnpkg.com/base64-url/-/base64-url-1.2.1.tgz#199fd661702a0e7b7dcae6e0698bb089c52f6d78"

big-integer@*:
  version "1.6.25"
  resolved "https://registry.yarnpkg.com/big-integer/-/big-integer-1.6.25.tgz#1de45a9f57542ac20121c682f8d642220a34e823"

bignumber.js@1.3.0:
  version "1.3.0"
  resolved "https://registry.yarnpkg.com/bignumber.js/-/bignumber.js-1.3.0.tgz#07be3d171235a2ab78c0efae52338d645c76b735"

body-parser@1.4.3:
  version "1.4.3"
  resolved "https://registry.yarnpkg.com/body-parser/-/body-parser-1.4.3.tgz#4727952cff4af0773eefa4b226c2f4122f5e234d"
  dependencies:
    bytes "1.0.0"
    depd "0.3.0"
    iconv-lite "0.4.3"
    media-typer "0.2.0"
    qs "0.6.6"
    raw-body "1.2.2"
    type-is "1.3.1"

buffer-crc32@0.2.3:
  version "0.2.3"
  resolved "https://registry.yarnpkg.com/buffer-crc32/-/buffer-crc32-0.2.3.tgz#bb54519e95d107cbd2400e76d0cab1467336d921"

buffer-writer@1.0.0:
  version "1.0.0"
  resolved "https://registry.yarnpkg.com/buffer-writer/-/buffer-writer-1.0.0.tgz#6c29c3b2dea0c9e455a1f261a199a48a04f88b08"

bytes@1, bytes@1.0.0:
  version "1.0.0"
  resolved "https://registry.yarnpkg.com/bytes/-/bytes-1.0.0.tgz#3569ede8ba34315fab99c3e92cb04c7220de1fa8"

colors@0.6.1:
  version "0.6.1"
  resolved "https://registry.yarnpkg.com/colors/-/colors-0.6.1.tgz#59c7799f6c91e0e15802980a98ed138b3c78f4e9"

combined-stream@~0.0.4:
  version "0.0.7"
  resolved "https://registry.yarnpkg.com/combined-stream/-/combined-stream-0.0.7.tgz#0137e657baa5a7541c57ac37ac5fc07d73b4dc1f"
  dependencies:
    delayed-stream "0.0.5"

commander@0.6.1:
  version "0.6.1"
  resolved "https://registry.yarnpkg.com/commander/-/commander-0.6.1.tgz#fa68a14f6a945d54dbbe50d8cdb3320e9e3b1a06"

commander@1.3.2:
  version "1.3.2"
  resolved "https://registry.yarnpkg.com/commander/-/commander-1.3.2.tgz#8a8f30ec670a6fdd64af52f1914b907d79ead5b5"
  dependencies:
    keypress "0.1.x"

commander@2.0.0:
  version "2.0.0"
  resolved "https://registry.yarnpkg.com/commander/-/commander-2.0.0.tgz#d1b86f901f8b64bd941bdeadaf924530393be928"

component-emitter@1.1.2:
  version "1.1.2"
  resolved "https://registry.yarnpkg.com/component-emitter/-/component-emitter-1.1.2.tgz#296594f2753daa63996d2af08d15a95116c9aec3"

connect-multiparty@1.1.0:
  version "1.1.0"
  resolved "https://registry.yarnpkg.com/connect-multiparty/-/connect-multiparty-1.1.0.tgz#7ed1b5da45aa1895e8058431b06d2d9446402e27"
  dependencies:
    multiparty "~3.3.0"
    qs "~0.6.5"
    type-is "~1.3.2"

consolidate@0.9.1:
  version "0.9.1"
  resolved "https://registry.yarnpkg.com/consolidate/-/consolidate-0.9.1.tgz#9bc97e721d69765f320f232207d4c77fa3e22ca2"

cookie-parser@1.3.1:
  version "1.3.1"
  resolved "https://registry.yarnpkg.com/cookie-parser/-/cookie-parser-1.3.1.tgz#30bfc2906a04489d59bcb9e32f90db08e04bb51e"
  dependencies:
    cookie "0.1.2"
    cookie-signature "1.0.3"

cookie-signature@1.0.3:
  version "1.0.3"
  resolved "https://registry.yarnpkg.com/cookie-signature/-/cookie-signature-1.0.3.tgz#91cd997cc51fb641595738c69cda020328f50ff9"

cookie@0.1.2:
  version "0.1.2"
  resolved "https://registry.yarnpkg.com/cookie/-/cookie-0.1.2.tgz#72fec3d24e48a3432073d90c12642005061004b1"

cookiejar@2.0.1:
  version "2.0.1"
  resolved "https://registry.yarnpkg.com/cookiejar/-/cookiejar-2.0.1.tgz#3d12752f6adf68a892f332433492bd5812bb668f"

core-util-is@~1.0.0:
  version "1.0.2"
  resolved "https://registry.yarnpkg.com/core-util-is/-/core-util-is-1.0.2.tgz#b5fd54220aa2bc5ab57aab7140c940754503c1a7"

csrf-tokens@~2.0.0:
  version "2.0.0"
  resolved "https://registry.yarnpkg.com/csrf-tokens/-/csrf-tokens-2.0.0.tgz#c821003fb8b6ad17bc977d6fd1a84bedc3ed619b"
  dependencies:
    base64-url "1"
    rndm "1"
    scmp "~0.0.3"
    uid-safe "1"

csurf@1.2.2:
  version "1.2.2"
  resolved "https://registry.yarnpkg.com/csurf/-/csurf-1.2.2.tgz#2ea9f2d3f2d67b1e2253290e676b62195dcb7756"
  dependencies:
    csrf-tokens "~2.0.0"

debug@*:
  version "3.1.0"
  resolved "https://registry.yarnpkg.com/debug/-/debug-3.1.0.tgz#5bb5a0672628b64149566ba16819e61518c67261"
  dependencies:
    ms "2.0.0"

debug@1.0.2:
  version "1.0.2"
  resolved "https://registry.yarnpkg.com/debug/-/debug-1.0.2.tgz#3849591c10cce648476c3c7c2e2e3416db5963c4"
  dependencies:
    ms "0.6.2"

debug@2:
  version "2.6.9"
  resolved "https://registry.yarnpkg.com/debug/-/debug-2.6.9.tgz#5d128515df134ff327e90a4c93f4e077a536341f"
  dependencies:
    ms "2.0.0"

deep-copy@1.0.0:
  version "1.0.0"
  resolved "https://registry.yarnpkg.com/deep-copy/-/deep-copy-1.0.0.tgz#5741c216f5133a76cb7fc701c18c98e665836b6c"

delayed-stream@0.0.5:
  version "0.0.5"
  resolved "https://registry.yarnpkg.com/delayed-stream/-/delayed-stream-0.0.5.tgz#d4b1f43a93e8296dfe02694f4680bc37a313c73f"

depd@0.3.0:
  version "0.3.0"
  resolved "https://registry.yarnpkg.com/depd/-/depd-0.3.0.tgz#11c9bc28e425325fbd8b38940beff69fa5326883"

diff@1.0.7:
  version "1.0.7"
  resolved "https://registry.yarnpkg.com/diff/-/diff-1.0.7.tgz#24bbb001c4a7d5522169e7cabdb2c2814ed91cf4"

ee-first@1.0.3:
  version "1.0.3"
  resolved "https://registry.yarnpkg.com/ee-first/-/ee-first-1.0.3.tgz#6c98c4089abecb5a7b85c1ac449aa603d3b3dabe"

escape-html@1.0.1:
  version "1.0.1"
  resolved "https://registry.yarnpkg.com/escape-html/-/escape-html-1.0.1.tgz#181a286ead397a39a92857cfb1d43052e356bff0"

express-admin-static@2.2.2:
  version "2.2.2"
  resolved "https://registry.yarnpkg.com/express-admin-static/-/express-admin-static-2.2.2.tgz#606daa55bb47976c6168bc07f91934ac5278721f"

express-session@1.5.1:
  version "1.5.1"
  resolved "https://registry.yarnpkg.com/express-session/-/express-session-1.5.1.tgz#8dadf13475db899d4893fbf9fa58c1c7f2c2ca64"
  dependencies:
    buffer-crc32 "0.2.3"
    cookie "0.1.2"
    cookie-signature "1.0.3"
    debug "1.0.2"
    depd "0.3.0"
    on-headers "0.0.0"
    uid-safe "1.0.1"
    utils-merge "1.0.0"

express@4.4.4:
  version "4.4.4"
  resolved "https://registry.yarnpkg.com/express/-/express-4.4.4.tgz#198bfd931c16ce869e54af5fb0515064fb8ea431"
  dependencies:
    accepts "~1.0.5"
    buffer-crc32 "0.2.3"
    cookie "0.1.2"
    cookie-signature "1.0.3"
    debug "1.0.2"
    escape-html "1.0.1"
    fresh "0.2.2"
    merge-descriptors "0.0.2"
    methods "1.0.1"
    parseurl "1.0.1"
    path-to-regexp "0.1.2"
    proxy-addr "1.0.1"
    qs "0.6.6"
    range-parser "1.0.0"
    send "0.4.3"
    serve-static "1.2.3"
    type-is "1.2.1"
    utils-merge "1.0.0"
    vary "0.1.0"

extend@~1.2.1:
  version "1.2.1"
  resolved "https://registry.yarnpkg.com/extend/-/extend-1.2.1.tgz#a0f5fd6cfc83a5fe49ef698d60ec8a624dd4576c"

finished@1.2.2:
  version "1.2.2"
  resolved "https://registry.yarnpkg.com/finished/-/finished-1.2.2.tgz#41608eafadfd65683b46a1220bc4b1ec3daedcd8"
  dependencies:
    ee-first "1.0.3"

form-data@0.1.3:
  version "0.1.3"
  resolved "https://registry.yarnpkg.com/form-data/-/form-data-0.1.3.tgz#4ee4346e6eb5362e8344a02075bd8dbd8c7373ea"
  dependencies:
    async "~0.9.0"
    combined-stream "~0.0.4"
    mime "~1.2.11"

formidable@1.0.14:
  version "1.0.14"
  resolved "https://registry.yarnpkg.com/formidable/-/formidable-1.0.14.tgz#2b3f4c411cbb5fdd695c44843e2a23514a43231a"

fresh@0.2.2:
  version "0.2.2"
  resolved "https://registry.yarnpkg.com/fresh/-/fresh-0.2.2.tgz#9731dcf5678c7faeb44fb903c4f72df55187fa77"

generic-pool@2.0.3:
  version "2.0.3"
  resolved "https://registry.yarnpkg.com/generic-pool/-/generic-pool-2.0.3.tgz#cfcd56f339b09815bcbc4b3f0ca275ae6107c781"

glob@3.2.3:
  version "3.2.3"
  resolved "https://registry.yarnpkg.com/glob/-/glob-3.2.3.tgz#e313eeb249c7affaa5c475286b0e115b59839467"
  dependencies:
    graceful-fs "~2.0.0"
    inherits "2"
    minimatch "~0.2.11"

graceful-fs@~2.0.0:
  version "2.0.3"
  resolved "https://registry.yarnpkg.com/graceful-fs/-/graceful-fs-2.0.3.tgz#7cd2cdb228a4a3f36e95efa6cc142de7d1a136d0"

growl@1.7.x:
  version "1.7.0"
  resolved "https://registry.yarnpkg.com/growl/-/growl-1.7.0.tgz#de2d66136d002e112ba70f3f10c31cf7c350b2da"

hogan.js@3.0.2:
  version "3.0.2"
  resolved "https://registry.yarnpkg.com/hogan.js/-/hogan.js-3.0.2.tgz#4cd9e1abd4294146e7679e41d7898732b02c7bfd"
  dependencies:
    mkdirp "0.3.0"
    nopt "1.0.10"

iconv-lite@0.4.3:
  version "0.4.3"
  resolved "https://registry.yarnpkg.com/iconv-lite/-/iconv-lite-0.4.3.tgz#9e7887793b769cc695eb22d2546a4fd2d79b7a1e"

inherits@2, inherits@~2.0.1:
  version "2.0.3"
  resolved "https://registry.yarnpkg.com/inherits/-/inherits-2.0.3.tgz#633c2c83e3da42a502f52466022480f4208261de"

ipaddr.js@0.1.2:
  version "0.1.2"
  resolved "https://registry.yarnpkg.com/ipaddr.js/-/ipaddr.js-0.1.2.tgz#6a1fd3d854f5002965c34d7bbcd9b4a8d4b0467e"

isarray@0.0.1:
  version "0.0.1"
  resolved "https://registry.yarnpkg.com/isarray/-/isarray-0.0.1.tgz#8a18acfca9a8f4177e09abfc6038939b05d1eedf"

jade@0.26.3:
  version "0.26.3"
  resolved "https://registry.yarnpkg.com/jade/-/jade-0.26.3.tgz#8f10d7977d8d79f2f6ff862a81b0513ccb25686c"
  dependencies:
    commander "0.6.1"
    mkdirp "0.3.0"

keypress@0.1.x:
  version "0.1.0"
  resolved "https://registry.yarnpkg.com/keypress/-/keypress-0.1.0.tgz#4a3188d4291b66b4f65edb99f806aa9ae293592a"

lru-cache@2:
  version "2.7.3"
  resolved "https://registry.yarnpkg.com/lru-cache/-/lru-cache-2.7.3.tgz#6d4524e8b955f95d4f5b58851ce21dd72fb4e952"

media-typer@0.2.0:
  version "0.2.0"
  resolved "https://registry.yarnpkg.com/media-typer/-/media-typer-0.2.0.tgz#d8a065213adfeaa2e76321a2b6dda36ff6335984"

merge-descriptors@0.0.2:
  version "0.0.2"
  resolved "https://registry.yarnpkg.com/merge-descriptors/-/merge-descriptors-0.0.2.tgz#c36a52a781437513c57275f39dd9d317514ac8c7"

method-override@2.0.2:
  version "2.0.2"
  resolved "https://registry.yarnpkg.com/method-override/-/method-override-2.0.2.tgz#00531278c79789640bf27e97e26a3a5a1f7cca73"
  dependencies:
    methods "1.0.1"
    parseurl "1.0.1"
    vary "0.1.0"

methods@1.0.1:
  version "1.0.1"
  resolved "https://registry.yarnpkg.com/methods/-/methods-1.0.1.tgz#75bc91943dffd7da037cf3eeb0ed73a0037cd14b"

methods@1.x:
  version "1.1.2"
  resolved "https://registry.yarnpkg.com/methods/-/methods-1.1.2.tgz#5529a4d67654134edcc5266656835b0f851afcee"

mime-types@1.0.0:
  version "1.0.0"
  resolved "https://registry.yarnpkg.com/mime-types/-/mime-types-1.0.0.tgz#6a7b4a6af2e7d92f97afe03f047c7801e8f001d2"

mime-types@~1.0.0, mime-types@~1.0.1:
  version "1.0.2"
  resolved "https://registry.yarnpkg.com/mime-types/-/mime-types-1.0.2.tgz#995ae1392ab8affcbfcb2641dd054e943c0d5dce"

mime@1.2.11, mime@~1.2.11:
  version "1.2.11"
  resolved "https://registry.yarnpkg.com/mime/-/mime-1.2.11.tgz#58203eed86e3a5ef17aed2b7d9ebd47f0a60dd10"

minimatch@~0.2.11:
  version "0.2.14"
  resolved "https://registry.yarnpkg.com/minimatch/-/minimatch-0.2.14.tgz#c74e780574f63c6f9a090e90efbe6ef53a6a756a"
  dependencies:
    lru-cache "2"
    sigmund "~1.0.0"

mkdirp@0.3.0:
  version "0.3.0"
  resolved "https://registry.yarnpkg.com/mkdirp/-/mkdirp-0.3.0.tgz#1bbf5ab1ba827af23575143490426455f481fe1e"

mkdirp@0.3.5:
  version "0.3.5"
  resolved "https://registry.yarnpkg.com/mkdirp/-/mkdirp-0.3.5.tgz#de3e5f8961c88c787ee1368df849ac4413eca8d7"

mocha@1.20.1:
  version "1.20.1"
  resolved "https://registry.yarnpkg.com/mocha/-/mocha-1.20.1.tgz#f343832d9fe0c7d97c64fc70448f5136df9fed5b"
  dependencies:
    commander "2.0.0"
    debug "*"
    diff "1.0.7"
    glob "3.2.3"
    growl "1.7.x"
    jade "0.26.3"
    mkdirp "0.3.5"

moment@*:
  version "2.19.0"
  resolved "https://registry.yarnpkg.com/moment/-/moment-2.19.0.tgz#44f675ef6b944942762581b1c179fb679e599d67"

moment@2.8.3:
  version "2.8.3"
  resolved "https://registry.yarnpkg.com/moment/-/moment-2.8.3.tgz#a01427bf8910f014fc4baa1b8d96f17f7e3f29a2"

morgan@1.1.1:
  version "1.1.1"
  resolved "https://registry.yarnpkg.com/morgan/-/morgan-1.1.1.tgz#cde45d2e807ebcc439745846ea80392e69098146"
  dependencies:
    bytes "1.0.0"

ms@0.6.2:
  version "0.6.2"
  resolved "https://registry.yarnpkg.com/ms/-/ms-0.6.2.tgz#d89c2124c6fdc1353d65a8b77bf1aac4b193708c"

ms@2.0.0:
  version "2.0.0"
  resolved "https://registry.yarnpkg.com/ms/-/ms-2.0.0.tgz#5608aeadfc00be6c2901df5f9861788de0d597c8"

multiparty@~3.3.0:
  version "3.3.2"
  resolved "https://registry.yarnpkg.com/multiparty/-/multiparty-3.3.2.tgz#35de6804dc19643e5249f3d3e3bdc6c8ce301d3f"
  dependencies:
    readable-stream "~1.1.9"
    stream-counter "~0.2.0"

mysql-validator@0.1.6:
  version "0.1.6"
  resolved "https://registry.yarnpkg.com/mysql-validator/-/mysql-validator-0.1.6.tgz#44aaa830fe23fc5a269f85978449e5bb9c34ff0e"
  dependencies:
    big-integer "*"
    moment "*"

mysql@2.2.0:
  version "2.2.0"
  resolved "https://registry.yarnpkg.com/mysql/-/mysql-2.2.0.tgz#7799cd02d74f9326434d7351791c946981485b98"
  dependencies:
    bignumber.js "1.3.0"
    readable-stream "~1.1.13"
    require-all "0.0.8"

mz@1:
  version "1.3.0"
  resolved "https://registry.yarnpkg.com/mz/-/mz-1.3.0.tgz#06f093fdd9956a06d37e1b1e81344e27478c42f0"
  dependencies:
    native-or-bluebird "1"
    thenify "3"
    thenify-all "1"

native-or-bluebird@1:
  version "1.2.0"
  resolved "https://registry.yarnpkg.com/native-or-bluebird/-/native-or-bluebird-1.2.0.tgz#39c47bfd7825d1fb9ffad32210ae25daadf101c9"

native-or-bluebird@~1.1.2:
  version "1.1.2"
  resolved "https://registry.yarnpkg.com/native-or-bluebird/-/native-or-bluebird-1.1.2.tgz#3921e110232d1eb790f3dac61bb370531c7d356e"

negotiator@0.4.7:
  version "0.4.7"
  resolved "https://registry.yarnpkg.com/negotiator/-/negotiator-0.4.7.tgz#a4160f7177ec806738631d0d3052325da42abdc8"

nopt@1.0.10:
  version "1.0.10"
  resolved "https://registry.yarnpkg.com/nopt/-/nopt-1.0.10.tgz#6ddd21bd2a31417b92727dd585f8a6f37608ebee"
  dependencies:
    abbrev "1"

on-headers@0.0.0:
  version "0.0.0"
  resolved "https://registry.yarnpkg.com/on-headers/-/on-headers-0.0.0.tgz#ee2817f8344325785cd9c2df2b242bbc17caf4c4"

parseurl@1.0.1:
  version "1.0.1"
  resolved "https://registry.yarnpkg.com/parseurl/-/parseurl-1.0.1.tgz#2e57dce6efdd37c3518701030944c22bf388b7b4"

path-to-regexp@0.1.2:
  version "0.1.2"
  resolved "https://registry.yarnpkg.com/path-to-regexp/-/path-to-regexp-0.1.2.tgz#9b2b151f9cc3018c9eea50ca95729e05781712b4"

pg@2.8.2:
  version "2.8.2"
  resolved "https://registry.yarnpkg.com/pg/-/pg-2.8.2.tgz#ea8b4e476220e4b95d14c43e3cea3136552dd62d"
  dependencies:
    buffer-writer "1.0.0"
    generic-pool "2.0.3"

prelude-ls@~1.1.0:
  version "1.1.2"
  resolved "https://registry.yarnpkg.com/prelude-ls/-/prelude-ls-1.1.2.tgz#21932a549f5e52ffd9a827f570e04be62a97da54"

proxy-addr@1.0.1:
  version "1.0.1"
  resolved "https://registry.yarnpkg.com/proxy-addr/-/proxy-addr-1.0.1.tgz#c7c566d5eb4e3fad67eeb9c77c5558ccc39b88a8"
  dependencies:
    ipaddr.js "0.1.2"

pwd@1.1.0:
  version "1.1.0"
  resolved "https://registry.yarnpkg.com/pwd/-/pwd-1.1.0.tgz#e71556c21b7e81e9d673ae786f5acb9290ebb533"

qs@0.6.6, qs@~0.6.5:
  version "0.6.6"
  resolved "https://registry.yarnpkg.com/qs/-/qs-0.6.6.tgz#6e015098ff51968b8a3c819001d5f2c89bc4b107"

qs@1.2.0:
  version "1.2.0"
  resolved "https://registry.yarnpkg.com/qs/-/qs-1.2.0.tgz#ed079be28682147e6fd9a34cc2b0c1e0ec6453ee"

range-parser@1.0.0:
  version "1.0.0"
  resolved "https://registry.yarnpkg.com/range-parser/-/range-parser-1.0.0.tgz#a4b264cfe0be5ce36abe3765ac9c2a248746dbc0"

range-parser@~1.0.0:
  version "1.0.3"
  resolved "https://registry.yarnpkg.com/range-parser/-/range-parser-1.0.3.tgz#6872823535c692e2c2a0103826afd82c2e0ff175"

raw-body@1.2.2:
  version "1.2.2"
  resolved "https://registry.yarnpkg.com/raw-body/-/raw-body-1.2.2.tgz#0c68e1ee28cfed7dba4822234aec6078461cbc1f"
  dependencies:
    bytes "1"
    iconv-lite "0.4.3"

readable-stream@1.0.27-1:
  version "1.0.27-1"
  resolved "https://registry.yarnpkg.com/readable-stream/-/readable-stream-1.0.27-1.tgz#6b67983c20357cefd07f0165001a16d710d91078"
  dependencies:
    core-util-is "~1.0.0"
    inherits "~2.0.1"
    isarray "0.0.1"
    string_decoder "~0.10.x"

readable-stream@~1.1.13, readable-stream@~1.1.8, readable-stream@~1.1.9:
  version "1.1.14"
  resolved "https://registry.yarnpkg.com/readable-stream/-/readable-stream-1.1.14.tgz#7cf4c54ef648e3813084c636dd2079e166c081d9"
  dependencies:
    core-util-is "~1.0.0"
    inherits "~2.0.1"
    isarray "0.0.1"
    string_decoder "~0.10.x"

recursive-fs@*:
  version "1.0.0"
  resolved "https://registry.yarnpkg.com/recursive-fs/-/recursive-fs-1.0.0.tgz#dd8e284ceaa4933afdb081539849dd947c976e0c"

reduce-component@1.0.1:
  version "1.0.1"
  resolved "https://registry.yarnpkg.com/reduce-component/-/reduce-component-1.0.1.tgz#e0c93542c574521bea13df0f9488ed82ab77c5da"

require-all@0.0.8:
  version "0.0.8"
  resolved "https://registry.yarnpkg.com/require-all/-/require-all-0.0.8.tgz#a7d4307d90e422fcb9f04af018c149920074e4b3"

rndm@1:
  version "1.2.0"
  resolved "https://registry.yarnpkg.com/rndm/-/rndm-1.2.0.tgz#f33fe9cfb52bbfd520aa18323bc65db110a1b76c"

scmp@~0.0.3:
  version "0.0.3"
  resolved "https://registry.yarnpkg.com/scmp/-/scmp-0.0.3.tgz#3648df2d7294641e7f78673ffc29681d9bad9073"

send@0.4.3:
  version "0.4.3"
  resolved "https://registry.yarnpkg.com/send/-/send-0.4.3.tgz#9627b23b7707fbf6373831cac5793330b594b640"
  dependencies:
    debug "1.0.2"
    escape-html "1.0.1"
    finished "1.2.2"
    fresh "0.2.2"
    mime "1.2.11"
    range-parser "~1.0.0"

serve-static@1.2.3:
  version "1.2.3"
  resolved "https://registry.yarnpkg.com/serve-static/-/serve-static-1.2.3.tgz#93cecbc340f079ecb8589281d1dc31c26c0cd158"
  dependencies:
    escape-html "1.0.1"
    parseurl "1.0.1"
    send "0.4.3"

should@4.0.4:
  version "4.0.4"
  resolved "https://registry.yarnpkg.com/should/-/should-4.0.4.tgz#8efaa304f1f148cf3d2e955862990f9ab9ea628f"

sigmund@~1.0.0:
  version "1.0.1"
  resolved "https://registry.yarnpkg.com/sigmund/-/sigmund-1.0.1.tgz#3ff21f198cad2175f9f3b781853fd94d0d19b590"

slugify@0.1.0:
  version "0.1.0"
  resolved "https://registry.yarnpkg.com/slugify/-/slugify-0.1.0.tgz#2ee3a5cd3627371be6fd2cb8cb4433d3a266302b"

sr-pagination@1.0.1:
  version "1.0.1"
  resolved "https://registry.yarnpkg.com/sr-pagination/-/sr-pagination-1.0.1.tgz#e1378e9e264dbd52992e14b238ec0df652346e16"

stream-counter@~0.2.0:
  version "0.2.0"
  resolved "https://registry.yarnpkg.com/stream-counter/-/stream-counter-0.2.0.tgz#ded266556319c8b0e222812b9cf3b26fa7d947de"
  dependencies:
    readable-stream "~1.1.8"

string_decoder@~0.10.x:
  version "0.10.31"
  resolved "https://registry.yarnpkg.com/string_decoder/-/string_decoder-0.10.31.tgz#62e203bc41766c6c28c9fc84301dab1c5310fa94"

superagent@~0.21.0:
  version "0.21.0"
  resolved "https://registry.yarnpkg.com/superagent/-/superagent-0.21.0.tgz#fb15027984751ee7152200e6cd21cd6e19a5de87"
  dependencies:
    component-emitter "1.1.2"
    cookiejar "2.0.1"
    debug "2"
    extend "~1.2.1"
    form-data "0.1.3"
    formidable "1.0.14"
    methods "1.0.1"
    mime "1.2.11"
    qs "1.2.0"
    readable-stream "1.0.27-1"
    reduce-component "1.0.1"

supertest@0.15.0:
  version "0.15.0"
  resolved "https://registry.yarnpkg.com/supertest/-/supertest-0.15.0.tgz#86118695de4be58869b3ee94c45e1d084ca7fac5"
  dependencies:
    methods "1.x"
    superagent "~0.21.0"

thenify-all@1:
  version "1.6.0"
  resolved "https://registry.yarnpkg.com/thenify-all/-/thenify-all-1.6.0.tgz#1a1918d402d8fc3f98fbf234db0bcc8cc10e9726"
  dependencies:
    thenify ">= 3.1.0 < 4"

thenify@3, "thenify@>= 3.1.0 < 4":
  version "3.3.0"
  resolved "https://registry.yarnpkg.com/thenify/-/thenify-3.3.0.tgz#e69e38a1babe969b0108207978b9f62b88604839"
  dependencies:
    any-promise "^1.0.0"

type-check@0.3.1:
  version "0.3.1"
  resolved "https://registry.yarnpkg.com/type-check/-/type-check-0.3.1.tgz#9233923c4da174d0ac5480ecfd6ef84c349eb58d"
  dependencies:
    prelude-ls "~1.1.0"

type-is@1.2.1:
  version "1.2.1"
  resolved "https://registry.yarnpkg.com/type-is/-/type-is-1.2.1.tgz#73d448080a4f1dd18acb1eefff62968c5b5d54a2"
  dependencies:
    mime-types "1.0.0"

type-is@1.3.1:
  version "1.3.1"
  resolved "https://registry.yarnpkg.com/type-is/-/type-is-1.3.1.tgz#a6789b5a52138289ade1ef8f6d9f2874ffd70b6b"
  dependencies:
    media-typer "0.2.0"
    mime-types "1.0.0"

type-is@~1.3.2:
  version "1.3.2"
  resolved "https://registry.yarnpkg.com/type-is/-/type-is-1.3.2.tgz#4f2a5dc58775ca1630250afc7186f8b36309d1bb"
  dependencies:
    media-typer "0.2.0"
    mime-types "~1.0.1"

uid-safe@1:
  version "1.1.0"
  resolved "https://registry.yarnpkg.com/uid-safe/-/uid-safe-1.1.0.tgz#58d6c5dabf8dfbd8d52834839806c03fd6143232"
  dependencies:
    base64-url "1.2.1"
    native-or-bluebird "~1.1.2"

uid-safe@1.0.1:
  version "1.0.1"
  resolved "https://registry.yarnpkg.com/uid-safe/-/uid-safe-1.0.1.tgz#5bd148460a2e84f54f193fd20352c8c3d7de6ac8"
  dependencies:
    base64-url "1"
    mz "1"

utils-merge@1.0.0:
  version "1.0.0"
  resolved "https://registry.yarnpkg.com/utils-merge/-/utils-merge-1.0.0.tgz#0294fb922bb9375153541c4f7096231f287c8af8"

vary@0.1.0:
  version "0.1.0"
  resolved "https://registry.yarnpkg.com/vary/-/vary-0.1.0.tgz#df0945899e93c0cc5bd18cc8321d9d21e74f6176"

xsql@1.0.1:
  version "1.0.1"
  resolved "https://registry.yarnpkg.com/xsql/-/xsql-1.0.1.tgz#5f277cef75dce385cd72adf0ca1d0745f390d77c"
  dependencies:
    type-check "0.3.1"
